
Microsoft Visual Studio Solution File, Format Version 12.00
# Visual Studio 15
VisualStudioVersion = 15.0.28307.1209
MinimumVisualStudioVersion = 10.0.40219.1
Project("{FAE04EC0-301F-11D3-BF4B-00C04F79EFBC}") = "MVC_CRUD_DiplomadoUASD_AJAX", "Practica2Unidad6\MVC_CRUD_DiplomadoUASD_AJAX.csproj", "{24CDBD55-DE22-4614-9C85-3C19872E1CA0}"
EndProject
Global
	GlobalSection(SolutionConfigurationPlatforms) = preSolution
		Debug|Any CPU = Debug|Any CPU
		Release|Any CPU = Release|Any CPU
	EndGlobalSection
	GlobalSection(ProjectConfigurationPlatforms) = postSolution
		{24CDBD55-DE22-4614-9C85-3C19872E1CA0}.Debug|Any CPU.ActiveCfg = Debug|Any CPU
		{24CDBD55-DE22-4614-9C85-3C19872E1CA0}.Debug|Any CPU.Build.0 = Debug|Any CPU
		{24CDBD55-DE22-4614-9C85-3C19872E1CA0}.Release|Any CPU.ActiveCfg = Release|Any CPU
		{24CDBD55-DE22-4614-9C85-3C19872E1CA0}.Release|Any CPU.Build.0 = Release|Any CPU
	EndGlobalSection
	GlobalSection(SolutionProperties) = preSolution
		HideSolutionNode = FALSE
	EndGlobalSection
	GlobalSection(ExtensibilityGlobals) = postSolution
		SolutionGuid = {72059DCA-3FB1-441F-9887-1E6FD8BE49C6}
	EndGlobalSection
EndGlobal
